
Microsoft Visual Studio Solution File, Format Version 12.00
# Visual Studio Version 17
VisualStudioVersion = 17.10.35122.118
MinimumVisualStudioVersion = 10.0.40219.1
Project("{9A19103F-16F7-4668-BE54-9A1E7A4F7556}") = "NewsCatcherApi", "NewsCatcherApi\NewsCatcherApi.csproj", "{D2F4B190-1FF3-4FAE-881C-2DAEFA4070DB}"
EndProject
Project("{FAE04EC0-301F-11D3-BF4B-00C04F79EFBC}") = "NewsCatcher.Models", "NewsCatcher.Models\NewsCatcher.Models.csproj", "{182252C4-FEB7-47B5-8CB1-C3AF435782A9}"
EndProject
Project("{FAE04EC0-301F-11D3-BF4B-00C04F79EFBC}") = "NewsCatcher.Services", "NewsCatcher.Services\NewsCatcher.Services.csproj", "{ECC1CA24-1338-4BFB-97BB-FCD76B9126BC}"
EndProject
Global
	GlobalSection(SolutionConfigurationPlatforms) = preSolution
		Debug|Any CPU = Debug|Any CPU
		Release|Any CPU = Release|Any CPU
	EndGlobalSection
	GlobalSection(ProjectConfigurationPlatforms) = postSolution
		{D2F4B190-1FF3-4FAE-881C-2DAEFA4070DB}.Debug|Any CPU.ActiveCfg = Debug|Any CPU
		{D2F4B190-1FF3-4FAE-881C-2DAEFA4070DB}.Debug|Any CPU.Build.0 = Debug|Any CPU
		{D2F4B190-1FF3-4FAE-881C-2DAEFA4070DB}.Release|Any CPU.ActiveCfg = Release|Any CPU
		{D2F4B190-1FF3-4FAE-881C-2DAEFA4070DB}.Release|Any CPU.Build.0 = Release|Any CPU
		{182252C4-FEB7-47B5-8CB1-C3AF435782A9}.Debug|Any CPU.ActiveCfg = Debug|Any CPU
		{182252C4-FEB7-47B5-8CB1-C3AF435782A9}.Debug|Any CPU.Build.0 = Debug|Any CPU
		{182252C4-FEB7-47B5-8CB1-C3AF435782A9}.Release|Any CPU.ActiveCfg = Release|Any CPU
		{182252C4-FEB7-47B5-8CB1-C3AF435782A9}.Release|Any CPU.Build.0 = Release|Any CPU
		{ECC1CA24-1338-4BFB-97BB-FCD76B9126BC}.Debug|Any CPU.ActiveCfg = Debug|Any CPU
		{ECC1CA24-1338-4BFB-97BB-FCD76B9126BC}.Debug|Any CPU.Build.0 = Debug|Any CPU
		{ECC1CA24-1338-4BFB-97BB-FCD76B9126BC}.Release|Any CPU.ActiveCfg = Release|Any CPU
		{ECC1CA24-1338-4BFB-97BB-FCD76B9126BC}.Release|Any CPU.Build.0 = Release|Any CPU
	EndGlobalSection
	GlobalSection(SolutionProperties) = preSolution
		HideSolutionNode = FALSE
	EndGlobalSection
	GlobalSection(ExtensibilityGlobals) = postSolution
		SolutionGuid = {54919520-F7F6-4694-A56A-A238C0B6BE64}
	EndGlobalSection
EndGlobal
